
Microsoft Visual Studio Solution File, Format Version 12.00
# Visual Studio Version 16
VisualStudioVersion = 16.0.810.9
MinimumVisualStudioVersion = 10.0.40219.1
Project("{FAE04EC0-301F-11D3-BF4B-00C04F79EFBC}") = "fruit-basket-backend", "fruit-basket-backend\fruit-basket-backend.csproj", "{32422320-6483-4472-A230-0D4B26E5DF1D}"
EndProject
Global
	GlobalSection(SolutionConfigurationPlatforms) = preSolution
		Debug|Any CPU = Debug|Any CPU
		Release|Any CPU = Release|Any CPU
	EndGlobalSection
	GlobalSection(ProjectConfigurationPlatforms) = postSolution
		{32422320-6483-4472-A230-0D4B26E5DF1D}.Debug|Any CPU.ActiveCfg = Debug|Any CPU
		{32422320-6483-4472-A230-0D4B26E5DF1D}.Debug|Any CPU.Build.0 = Debug|Any CPU
		{32422320-6483-4472-A230-0D4B26E5DF1D}.Release|Any CPU.ActiveCfg = Release|Any CPU
		{32422320-6483-4472-A230-0D4B26E5DF1D}.Release|Any CPU.Build.0 = Release|Any CPU
	EndGlobalSection
	GlobalSection(SolutionProperties) = preSolution
		HideSolutionNode = FALSE
	EndGlobalSection
	GlobalSection(ExtensibilityGlobals) = postSolution
		SolutionGuid = {6EEC9C07-75AA-49A0-B96F-679B04E1394C}
	EndGlobalSection
EndGlobal
